
Microsoft Visual Studio Solution File, Format Version 12.00
# Visual Studio 15
VisualStudioVersion = 15.0.28307.438
MinimumVisualStudioVersion = 10.0.40219.1
Project("{FAE04EC0-301F-11D3-BF4B-00C04F79EFBC}") = "Kółko i Krzyżyk", "Kółko i Krzyżyk\Kółko i Krzyżyk.csproj", "{145C4670-96C0-41AE-A8B3-2DB3A5D4851E}"
EndProject
Global
	GlobalSection(SolutionConfigurationPlatforms) = preSolution
		Debug|Any CPU = Debug|Any CPU
		Release|Any CPU = Release|Any CPU
	EndGlobalSection
	GlobalSection(ProjectConfigurationPlatforms) = postSolution
		{145C4670-96C0-41AE-A8B3-2DB3A5D4851E}.Debug|Any CPU.ActiveCfg = Debug|Any CPU
		{145C4670-96C0-41AE-A8B3-2DB3A5D4851E}.Debug|Any CPU.Build.0 = Debug|Any CPU
		{145C4670-96C0-41AE-A8B3-2DB3A5D4851E}.Release|Any CPU.ActiveCfg = Release|Any CPU
		{145C4670-96C0-41AE-A8B3-2DB3A5D4851E}.Release|Any CPU.Build.0 = Release|Any CPU
	EndGlobalSection
	GlobalSection(SolutionProperties) = preSolution
		HideSolutionNode = FALSE
	EndGlobalSection
	GlobalSection(ExtensibilityGlobals) = postSolution
		SolutionGuid = {D9AC6B6C-334B-4BF5-8153-E483794F52B7}
	EndGlobalSection
EndGlobal
